
Microsoft Visual Studio Solution File, Format Version 12.00
Project("{FAE04EC0-301F-11D3-BF4B-00C04F79EFBC}") = "TGW", "TGW\TGW.csproj", "{AB56DA99-0BA8-425C-B6D0-F1CA2C25B3EF}"
EndProject
Project("{FAE04EC0-301F-11D3-BF4B-00C04F79EFBC}") = "TGW.Core", "TGW.Core\TGW.Core.csproj", "{42EFF4A8-7CD9-4567-8825-E35802E54A8C}"
EndProject
Project("{FAE04EC0-301F-11D3-BF4B-00C04F79EFBC}") = "TGW.Data", "TGW.Data\TGW.Data.csproj", "{0EA74D05-F993-47AC-95E1-94F854254501}"
EndProject
Global
	GlobalSection(SolutionConfigurationPlatforms) = preSolution
		Debug|Any CPU = Debug|Any CPU
		Release|Any CPU = Release|Any CPU
	EndGlobalSection
	GlobalSection(ProjectConfigurationPlatforms) = postSolution
		{AB56DA99-0BA8-425C-B6D0-F1CA2C25B3EF}.Debug|Any CPU.ActiveCfg = Debug|Any CPU
		{AB56DA99-0BA8-425C-B6D0-F1CA2C25B3EF}.Debug|Any CPU.Build.0 = Debug|Any CPU
		{AB56DA99-0BA8-425C-B6D0-F1CA2C25B3EF}.Release|Any CPU.ActiveCfg = Release|Any CPU
		{AB56DA99-0BA8-425C-B6D0-F1CA2C25B3EF}.Release|Any CPU.Build.0 = Release|Any CPU
		{42EFF4A8-7CD9-4567-8825-E35802E54A8C}.Debug|Any CPU.ActiveCfg = Debug|Any CPU
		{42EFF4A8-7CD9-4567-8825-E35802E54A8C}.Debug|Any CPU.Build.0 = Debug|Any CPU
		{42EFF4A8-7CD9-4567-8825-E35802E54A8C}.Release|Any CPU.ActiveCfg = Release|Any CPU
		{42EFF4A8-7CD9-4567-8825-E35802E54A8C}.Release|Any CPU.Build.0 = Release|Any CPU
		{0EA74D05-F993-47AC-95E1-94F854254501}.Debug|Any CPU.ActiveCfg = Debug|Any CPU
		{0EA74D05-F993-47AC-95E1-94F854254501}.Debug|Any CPU.Build.0 = Debug|Any CPU
		{0EA74D05-F993-47AC-95E1-94F854254501}.Release|Any CPU.ActiveCfg = Release|Any CPU
		{0EA74D05-F993-47AC-95E1-94F854254501}.Release|Any CPU.Build.0 = Release|Any CPU
	EndGlobalSection
EndGlobal
